// !$*UTF8*$!
{
	archiveVersion = 1;
	classes = {
	};
	objectVersion = 77;
	objects = {

/* Begin PBXBuildFile section */
		015E48D499A1CEDF669FB748 /* ProximiioWebViewDemoUITestsLaunchTests.swift in Sources */ = {isa = PBXBuildFile; fileRef = EC76B2A4D2DE9478A98B9138 /* ProximiioWebViewDemoUITestsLaunchTests.swift */; };
		198BFF904F1E4E12D0C44832 /* Preview Assets.xcassets in Resources */ = {isa = PBXBuildFile; fileRef = 11FC1BE7815D7A2F5F9F6838 /* Preview Assets.xcassets */; };
		1A2477900A5FA828F98AEF88 /* ProximiioWebViewDemoUITests.swift in Sources */ = {isa = PBXBuildFile; fileRef = 9C5238BB078011F31F469ED1 /* ProximiioWebViewDemoUITests.swift */; };
		4A8845D9DFB90FB785C90ADC /* ProximiioWebViewDemoTests.swift in Sources */ = {isa = PBXBuildFile; fileRef = 28304828AAEE893FD16EEE8F /* ProximiioWebViewDemoTests.swift */; };
		77937F10DBD4B11F3795D273 /* ProximiioWebViewDemoApp.swift in Sources */ = {isa = PBXBuildFile; fileRef = 76C40729F60D4A76AF917E0C /* ProximiioWebViewDemoApp.swift */; };
		A6CD3D413DB889197EFEFCD5 /* Assets.xcassets in Resources */ = {isa = PBXBuildFile; fileRef = 95CD40E900272BD2498D56FE /* Assets.xcassets */; };
		B1444549C71B61FC830D3E8F /* ContentView.swift in Sources */ = {isa = PBXBuildFile; fileRef = 577FB2CAC94E69E3220B03C5 /* ContentView.swift */; };
		F8F5B06C48C6BB959A319AA1 /* Proximiio in Frameworks */ = {isa = PBXBuildFile; productRef = A2DB13BE793B3BD35CF3C66F /* Proximiio */; };
/* End PBXBuildFile section */

/* Begin PBXContainerItemProxy section */
		94D6D581870838079793E3A6 /* PBXContainerItemProxy */ = {
			isa = PBXContainerItemProxy;
			containerPortal = 80873026DC658B7481B1B274 /* Project object */;
			proxyType = 1;
			remoteGlobalIDString = 4886AEBD6BA8D7CC81942E48;
			remoteInfo = ProximiioWebViewDemo;
		};
		C9EA51F27019FDEA65A0429D /* PBXContainerItemProxy */ = {
			isa = PBXContainerItemProxy;
			containerPortal = 80873026DC658B7481B1B274 /* Project object */;
			proxyType = 1;
			remoteGlobalIDString = 4886AEBD6BA8D7CC81942E48;
			remoteInfo = ProximiioWebViewDemo;
		};
/* End PBXContainerItemProxy section */

/* Begin PBXFileReference section */
		11FC1BE7815D7A2F5F9F6838 /* Preview Assets.xcassets */ = {isa = PBXFileReference; lastKnownFileType = folder.assetcatalog; path = "Preview Assets.xcassets"; sourceTree = "<group>"; };
		28304828AAEE893FD16EEE8F /* ProximiioWebViewDemoTests.swift */ = {isa = PBXFileReference; lastKnownFileType = sourcecode.swift; path = ProximiioWebViewDemoTests.swift; sourceTree = "<group>"; };
		4A06F5356B16CB5BFA8DE940 /* ProximiioWebViewDemo.app */ = {isa = PBXFileReference; includeInIndex = 0; lastKnownFileType = wrapper.application; path = ProximiioWebViewDemo.app; sourceTree = BUILT_PRODUCTS_DIR; };
		577FB2CAC94E69E3220B03C5 /* ContentView.swift */ = {isa = PBXFileReference; lastKnownFileType = sourcecode.swift; path = ContentView.swift; sourceTree = "<group>"; };
		76C40729F60D4A76AF917E0C /* ProximiioWebViewDemoApp.swift */ = {isa = PBXFileReference; lastKnownFileType = sourcecode.swift; path = ProximiioWebViewDemoApp.swift; sourceTree = "<group>"; };
		7B73ED369F21AB2527E10EE6 /* App.xcconfig */ = {isa = PBXFileReference; lastKnownFileType = text.xcconfig; path = App.xcconfig; sourceTree = "<group>"; };
		95CD40E900272BD2498D56FE /* Assets.xcassets */ = {isa = PBXFileReference; lastKnownFileType = folder.assetcatalog; path = Assets.xcassets; sourceTree = "<group>"; };
		9C5238BB078011F31F469ED1 /* ProximiioWebViewDemoUITests.swift */ = {isa = PBXFileReference; lastKnownFileType = sourcecode.swift; path = ProximiioWebViewDemoUITests.swift; sourceTree = "<group>"; };
		C3EC58B4E8E8D4BD4E363C2A /* ProximiioWebViewDemoTests.xctest */ = {isa = PBXFileReference; includeInIndex = 0; lastKnownFileType = wrapper.cfbundle; path = ProximiioWebViewDemoTests.xctest; sourceTree = BUILT_PRODUCTS_DIR; };
		EC76B2A4D2DE9478A98B9138 /* ProximiioWebViewDemoUITestsLaunchTests.swift */ = {isa = PBXFileReference; lastKnownFileType = sourcecode.swift; path = ProximiioWebViewDemoUITestsLaunchTests.swift; sourceTree = "<group>"; };
		F4AD4A44F72DF742ACEE3882 /* Info.plist */ = {isa = PBXFileReference; lastKnownFileType = text.plist; path = Info.plist; sourceTree = "<group>"; };
		F7A294B9FA9705C411F8FFF4 /* ProximiioWebViewDemoUITests.xctest */ = {isa = PBXFileReference; includeInIndex = 0; lastKnownFileType = wrapper.cfbundle; path = ProximiioWebViewDemoUITests.xctest; sourceTree = BUILT_PRODUCTS_DIR; };
/* End PBXFileReference section */

/* Begin PBXFrameworksBuildPhase section */
		7B1BEAA17625805B5539D9B7 /* Frameworks */ = {
			isa = PBXFrameworksBuildPhase;
			buildActionMask = 2147483647;
			files = (
				F8F5B06C48C6BB959A319AA1 /* Proximiio in Frameworks */,
			);
			runOnlyForDeploymentPostprocessing = 0;
		};
/* End PBXFrameworksBuildPhase section */

/* Begin PBXGroup section */
		09AB9E803E8869BCB93F0E5D /* Config */ = {
			isa = PBXGroup;
			children = (
				7B73ED369F21AB2527E10EE6 /* App.xcconfig */,
			);
			path = Config;
			sourceTree = "<group>";
		};
		3AE43E984FA8EA6AF70E7863 /* ProximiioWebViewDemoUITests */ = {
			isa = PBXGroup;
			children = (
				9C5238BB078011F31F469ED1 /* ProximiioWebViewDemoUITests.swift */,
				EC76B2A4D2DE9478A98B9138 /* ProximiioWebViewDemoUITestsLaunchTests.swift */,
			);
			path = ProximiioWebViewDemoUITests;
			sourceTree = "<group>";
		};
		5A84B1591CDFF19EDCDCD1F1 /* Preview Content */ = {
			isa = PBXGroup;
			children = (
				11FC1BE7815D7A2F5F9F6838 /* Preview Assets.xcassets */,
			);
			path = "Preview Content";
			sourceTree = "<group>";
		};
		804AE54BFB0ADF46E6D5E960 /* ProximiioWebViewDemoTests */ = {
			isa = PBXGroup;
			children = (
				28304828AAEE893FD16EEE8F /* ProximiioWebViewDemoTests.swift */,
			);
			path = ProximiioWebViewDemoTests;
			sourceTree = "<group>";
		};
		A49265DFF5C4E95E7A93040A /* ProximiioWebViewDemo */ = {
			isa = PBXGroup;
			children = (
				95CD40E900272BD2498D56FE /* Assets.xcassets */,
				577FB2CAC94E69E3220B03C5 /* ContentView.swift */,
				F4AD4A44F72DF742ACEE3882 /* Info.plist */,
				76C40729F60D4A76AF917E0C /* ProximiioWebViewDemoApp.swift */,
				5A84B1591CDFF19EDCDCD1F1 /* Preview Content */,
			);
			path = ProximiioWebViewDemo;
			sourceTree = "<group>";
		};
		B9AB6D13C7C3513B77161075 /* Products */ = {
			isa = PBXGroup;
			children = (
				4A06F5356B16CB5BFA8DE940 /* ProximiioWebViewDemo.app */,
				C3EC58B4E8E8D4BD4E363C2A /* ProximiioWebViewDemoTests.xctest */,
				F7A294B9FA9705C411F8FFF4 /* ProximiioWebViewDemoUITests.xctest */,
			);
			name = Products;
			sourceTree = "<group>";
		};
		EBA252AD44D8CFC754578287 = {
			isa = PBXGroup;
			children = (
				09AB9E803E8869BCB93F0E5D /* Config */,
				A49265DFF5C4E95E7A93040A /* ProximiioWebViewDemo */,
				804AE54BFB0ADF46E6D5E960 /* ProximiioWebViewDemoTests */,
				3AE43E984FA8EA6AF70E7863 /* ProximiioWebViewDemoUITests */,
				B9AB6D13C7C3513B77161075 /* Products */,
			);
			sourceTree = "<group>";
		};
/* End PBXGroup section */

/* Begin PBXNativeTarget section */
		38EB8727A69E448E2A181A62 /* ProximiioWebViewDemoUITests */ = {
			isa = PBXNativeTarget;
			buildConfigurationList = C6DA30EB3D4423733E841BEC /* Build configuration list for PBXNativeTarget "ProximiioWebViewDemoUITests" */;
			buildPhases = (
				FC45055E03D4B93ED7CAED87 /* Sources */,
			);
			buildRules = (
			);
			dependencies = (
				A17649EED4ADF9C8FDA921D5 /* PBXTargetDependency */,
			);
			name = ProximiioWebViewDemoUITests;
			packageProductDependencies = (
			);
			productName = ProximiioWebViewDemoUITests;
			productReference = F7A294B9FA9705C411F8FFF4 /* ProximiioWebViewDemoUITests.xctest */;
			productType = "com.apple.product-type.bundle.ui-testing";
		};
		4886AEBD6BA8D7CC81942E48 /* ProximiioWebViewDemo */ = {
			isa = PBXNativeTarget;
			buildConfigurationList = 8E031759D864BC425FE5A460 /* Build configuration list for PBXNativeTarget "ProximiioWebViewDemo" */;
			buildPhases = (
				75400BC27B6D06893D722D13 /* Sources */,
				775BAC372F090A53D026ECB5 /* Resources */,
				7B1BEAA17625805B5539D9B7 /* Frameworks */,
			);
			buildRules = (
			);
			dependencies = (
			);
			name = ProximiioWebViewDemo;
			packageProductDependencies = (
				A2DB13BE793B3BD35CF3C66F /* Proximiio */,
			);
			productName = ProximiioWebViewDemo;
			productReference = 4A06F5356B16CB5BFA8DE940 /* ProximiioWebViewDemo.app */;
			productType = "com.apple.product-type.application";
		};
		A1FBB8311F6E31683C849850 /* ProximiioWebViewDemoTests */ = {
			isa = PBXNativeTarget;
			buildConfigurationList = 0F37C2E730E06B4D54DA8802 /* Build configuration list for PBXNativeTarget "ProximiioWebViewDemoTests" */;
			buildPhases = (
				DEC20AD2E6776C5261D15CB4 /* Sources */,
			);
			buildRules = (
			);
			dependencies = (
				923185A5C0AB127824E68195 /* PBXTargetDependency */,
			);
			name = ProximiioWebViewDemoTests;
			packageProductDependencies = (
			);
			productName = ProximiioWebViewDemoTests;
			productReference = C3EC58B4E8E8D4BD4E363C2A /* ProximiioWebViewDemoTests.xctest */;
			productType = "com.apple.product-type.bundle.unit-test";
		};
/* End PBXNativeTarget section */

/* Begin PBXProject section */
		80873026DC658B7481B1B274 /* Project object */ = {
			isa = PBXProject;
			attributes = {
				BuildIndependentTargetsInParallel = YES;
				LastUpgradeCheck = 1600;
				TargetAttributes = {
					38EB8727A69E448E2A181A62 = {
						DevelopmentTeam = 2ULWCJMDBJ;
						ProvisioningStyle = Automatic;
						TestTargetID = 4886AEBD6BA8D7CC81942E48;
					};
					4886AEBD6BA8D7CC81942E48 = {
						DevelopmentTeam = 2ULWCJMDBJ;
						ProvisioningStyle = Automatic;
					};
					A1FBB8311F6E31683C849850 = {
						DevelopmentTeam = 2ULWCJMDBJ;
						ProvisioningStyle = Automatic;
					};
				};
			};
			buildConfigurationList = A251DB805924AEC8B4BA240D /* Build configuration list for PBXProject "ProximiioWebViewDemo" */;
			developmentRegion = en;
			hasScannedForEncodings = 0;
			knownRegions = (
				Base,
				en,
			);
			mainGroup = EBA252AD44D8CFC754578287;
			minimizedProjectReferenceProxies = 1;
			packageReferences = (
				57B50F2111822A9A70DE03BE /* XCRemoteSwiftPackageReference "proximiio-ios-sdk-v6" */,
			);
			preferredProjectObjectVersion = 77;
			productRefGroup = B9AB6D13C7C3513B77161075 /* Products */;
			projectDirPath = "";
			projectRoot = "";
			targets = (
				4886AEBD6BA8D7CC81942E48 /* ProximiioWebViewDemo */,
				A1FBB8311F6E31683C849850 /* ProximiioWebViewDemoTests */,
				38EB8727A69E448E2A181A62 /* ProximiioWebViewDemoUITests */,
			);
		};
/* End PBXProject section */

/* Begin PBXResourcesBuildPhase section */
		775BAC372F090A53D026ECB5 /* Resources */ = {
			isa = PBXResourcesBuildPhase;
			buildActionMask = 2147483647;
			files = (
				A6CD3D413DB889197EFEFCD5 /* Assets.xcassets in Resources */,
				198BFF904F1E4E12D0C44832 /* Preview Assets.xcassets in Resources */,
			);
			runOnlyForDeploymentPostprocessing = 0;
		};
/* End PBXResourcesBuildPhase section */

/* Begin PBXSourcesBuildPhase section */
		75400BC27B6D06893D722D13 /* Sources */ = {
			isa = PBXSourcesBuildPhase;
			buildActionMask = 2147483647;
			files = (
				B1444549C71B61FC830D3E8F /* ContentView.swift in Sources */,
				77937F10DBD4B11F3795D273 /* ProximiioWebViewDemoApp.swift in Sources */,
			);
			runOnlyForDeploymentPostprocessing = 0;
		};
		DEC20AD2E6776C5261D15CB4 /* Sources */ = {
			isa = PBXSourcesBuildPhase;
			buildActionMask = 2147483647;
			files = (
				4A8845D9DFB90FB785C90ADC /* ProximiioWebViewDemoTests.swift in Sources */,
			);
			runOnlyForDeploymentPostprocessing = 0;
		};
		FC45055E03D4B93ED7CAED87 /* Sources */ = {
			isa = PBXSourcesBuildPhase;
			buildActionMask = 2147483647;
			files = (
				1A2477900A5FA828F98AEF88 /* ProximiioWebViewDemoUITests.swift in Sources */,
				015E48D499A1CEDF669FB748 /* ProximiioWebViewDemoUITestsLaunchTests.swift in Sources */,
			);
			runOnlyForDeploymentPostprocessing = 0;
		};
/* End PBXSourcesBuildPhase section */

/* Begin PBXTargetDependency section */
		923185A5C0AB127824E68195 /* PBXTargetDependency */ = {
			isa = PBXTargetDependency;
			target = 4886AEBD6BA8D7CC81942E48 /* ProximiioWebViewDemo */;
			targetProxy = C9EA51F27019FDEA65A0429D /* PBXContainerItemProxy */;
		};
		A17649EED4ADF9C8FDA921D5 /* PBXTargetDependency */ = {
			isa = PBXTargetDependency;
			target = 4886AEBD6BA8D7CC81942E48 /* ProximiioWebViewDemo */;
			targetProxy = 94D6D581870838079793E3A6 /* PBXContainerItemProxy */;
		};
/* End PBXTargetDependency section */

/* Begin XCBuildConfiguration section */
		2A1B6D7122E2961FA08D3B2E /* Release */ = {
			isa = XCBuildConfiguration;
			buildSettings = {
				BUNDLE_LOADER = "$(TEST_HOST)";
				IPHONEOS_DEPLOYMENT_TARGET = 16.0;
				LD_RUNPATH_SEARCH_PATHS = (
					"$(inherited)",
					"@executable_path/Frameworks",
					"@loader_path/Frameworks",
				);
				PRODUCT_BUNDLE_IDENTIFIER = io.proximi.ProximiioWebViewDemoUITests;
				SDKROOT = iphoneos;
				TARGETED_DEVICE_FAMILY = "1,2";
				TEST_TARGET_NAME = ProximiioWebViewDemo;
			};
			name = Release;
		};
		326A149B0BB21A13E58C70ED /* Debug */ = {
			isa = XCBuildConfiguration;
			baseConfigurationReference = 7B73ED369F21AB2527E10EE6 /* App.xcconfig */;
			buildSettings = {
				ASSETCATALOG_COMPILER_APPICON_NAME = AppIcon;
				CODE_SIGN_IDENTITY = "iPhone Developer";
				DEVELOPMENT_ASSET_PATHS = "\"ProximiioWebViewDemo/Preview Content\"";
				ENABLE_PREVIEWS = YES;
				INFOPLIST_FILE = ProximiioWebViewDemo/Info.plist;
				INFOPLIST_KEY_UIApplicationSupportsIndirectInputEvents = YES;
				IPHONEOS_DEPLOYMENT_TARGET = 16.0;
				LD_RUNPATH_SEARCH_PATHS = (
					"$(inherited)",
					"@executable_path/Frameworks",
				);
				PRODUCT_BUNDLE_IDENTIFIER = io.proximi.ProximiioWebViewDemo;
				SDKROOT = iphoneos;
				SWIFT_STRICT_CONCURRENCY = minimal;
				TARGETED_DEVICE_FAMILY = "1,2";
			};
			name = Debug;
		};
		5BF38A45083FEE5D21EF932C /* Debug */ = {
			isa = XCBuildConfiguration;
			buildSettings = {
				BUNDLE_LOADER = "$(TEST_HOST)";
				IPHONEOS_DEPLOYMENT_TARGET = 16.0;
				LD_RUNPATH_SEARCH_PATHS = (
					"$(inherited)",
					"@executable_path/Frameworks",
					"@loader_path/Frameworks",
				);
				PRODUCT_BUNDLE_IDENTIFIER = io.proximi.ProximiioWebViewDemoTests;
				SDKROOT = iphoneos;
				TARGETED_DEVICE_FAMILY = "1,2";
				TEST_HOST = "$(BUILT_PRODUCTS_DIR)/ProximiioWebViewDemo.app/ProximiioWebViewDemo";
			};
			name = Debug;
		};
		628FCADEE47CA09BE882F838 /* Debug */ = {
			isa = XCBuildConfiguration;
			buildSettings = {
				ALWAYS_SEARCH_USER_PATHS = NO;
				CLANG_ANALYZER_NONNULL = YES;
				CLANG_ANALYZER_NUMBER_OBJECT_CONVERSION = YES_AGGRESSIVE;
				CLANG_CXX_LANGUAGE_STANDARD = "gnu++14";
				CLANG_CXX_LIBRARY = "libc++";
				CLANG_ENABLE_MODULES = YES;
				CLANG_ENABLE_OBJC_ARC = YES;
				CLANG_ENABLE_OBJC_WEAK = YES;
				CLANG_WARN_BLOCK_CAPTURE_AUTORELEASING = YES;
				CLANG_WARN_BOOL_CONVERSION = YES;
				CLANG_WARN_COMMA = YES;
				CLANG_WARN_CONSTANT_CONVERSION = YES;
				CLANG_WARN_DEPRECATED_OBJC_IMPLEMENTATIONS = YES;
				CLANG_WARN_DIRECT_OBJC_ISA_USAGE = YES_ERROR;
				CLANG_WARN_DOCUMENTATION_COMMENTS = YES;
				CLANG_WARN_EMPTY_BODY = YES;
				CLANG_WARN_ENUM_CONVERSION = YES;
				CLANG_WARN_INFINITE_RECURSION = YES;
				CLANG_WARN_INT_CONVERSION = YES;
				CLANG_WARN_NON_LITERAL_NULL_CONVERSION = YES;
				CLANG_WARN_OBJC_IMPLICIT_RETAIN_SELF = YES;
				CLANG_WARN_OBJC_LITERAL_CONVERSION = YES;
				CLANG_WARN_OBJC_ROOT_CLASS = YES_ERROR;
				CLANG_WARN_QUOTED_INCLUDE_IN_FRAMEWORK_HEADER = YES;
				CLANG_WARN_RANGE_LOOP_ANALYSIS = YES;
				CLANG_WARN_STRICT_PROTOTYPES = YES;
				CLANG_WARN_SUSPICIOUS_MOVE = YES;
				CLANG_WARN_UNGUARDED_AVAILABILITY = YES_AGGRESSIVE;
				CLANG_WARN_UNREACHABLE_CODE = YES;
				CLANG_WARN__DUPLICATE_METHOD_MATCH = YES;
				CODE_SIGN_STYLE = Automatic;
				COPY_PHASE_STRIP = NO;
				DEBUG_INFORMATION_FORMAT = dwarf;
				DEVELOPMENT_TEAM = 2ULWCJMDBJ;
				ENABLE_STRICT_OBJC_MSGSEND = YES;
				ENABLE_TESTABILITY = YES;
				GCC_C_LANGUAGE_STANDARD = gnu11;
				GCC_DYNAMIC_NO_PIC = NO;
				GCC_NO_COMMON_BLOCKS = YES;
				GCC_OPTIMIZATION_LEVEL = 0;
				GCC_PREPROCESSOR_DEFINITIONS = (
					"$(inherited)",
					"DEBUG=1",
				);
				GCC_WARN_64_TO_32_BIT_CONVERSION = YES;
				GCC_WARN_ABOUT_RETURN_TYPE = YES_ERROR;
				GCC_WARN_UNDECLARED_SELECTOR = YES;
				GCC_WARN_UNINITIALIZED_AUTOS = YES_AGGRESSIVE;
				GCC_WARN_UNUSED_FUNCTION = YES;
				GCC_WARN_UNUSED_VARIABLE = YES;
				IPHONEOS_DEPLOYMENT_TARGET = 16.0;
				MTL_ENABLE_DEBUG_INFO = INCLUDE_SOURCE;
				MTL_FAST_MATH = YES;
				ONLY_ACTIVE_ARCH = YES;
				PRODUCT_NAME = "$(TARGET_NAME)";
				SDKROOT = iphoneos;
				SWIFT_ACTIVE_COMPILATION_CONDITIONS = DEBUG;
				SWIFT_OPTIMIZATION_LEVEL = "-Onone";
				SWIFT_VERSION = 5.0;
			};
			name = Debug;
		};
		691757867001D436A6077ED3 /* Release */ = {
			isa = XCBuildConfiguration;
			baseConfigurationReference = 7B73ED369F21AB2527E10EE6 /* App.xcconfig */;
			buildSettings = {
				ASSETCATALOG_COMPILER_APPICON_NAME = AppIcon;
				CODE_SIGN_IDENTITY = "iPhone Developer";
				DEVELOPMENT_ASSET_PATHS = "\"ProximiioWebViewDemo/Preview Content\"";
				ENABLE_PREVIEWS = YES;
				INFOPLIST_FILE = ProximiioWebViewDemo/Info.plist;
				INFOPLIST_KEY_UIApplicationSupportsIndirectInputEvents = YES;
				IPHONEOS_DEPLOYMENT_TARGET = 16.0;
				LD_RUNPATH_SEARCH_PATHS = (
					"$(inherited)",
					"@executable_path/Frameworks",
				);
				PRODUCT_BUNDLE_IDENTIFIER = io.proximi.ProximiioWebViewDemo;
				SDKROOT = iphoneos;
				SWIFT_STRICT_CONCURRENCY = minimal;
				TARGETED_DEVICE_FAMILY = "1,2";
			};
			name = Release;
		};
		7AE2075B60801931A50F361A /* Release */ = {
			isa = XCBuildConfiguration;
			buildSettings = {
				BUNDLE_LOADER = "$(TEST_HOST)";
				IPHONEOS_DEPLOYMENT_TARGET = 16.0;
				LD_RUNPATH_SEARCH_PATHS = (
					"$(inherited)",
					"@executable_path/Frameworks",
					"@loader_path/Frameworks",
				);
				PRODUCT_BUNDLE_IDENTIFIER = io.proximi.ProximiioWebViewDemoTests;
				SDKROOT = iphoneos;
				TARGETED_DEVICE_FAMILY = "1,2";
				TEST_HOST = "$(BUILT_PRODUCTS_DIR)/ProximiioWebViewDemo.app/ProximiioWebViewDemo";
			};
			name = Release;
		};
		AC0E48309A87A8FB4EEAED41 /* Release */ = {
			isa = XCBuildConfiguration;
			buildSettings = {
				ALWAYS_SEARCH_USER_PATHS = NO;
				CLANG_ANALYZER_NONNULL = YES;
				CLANG_ANALYZER_NUMBER_OBJECT_CONVERSION = YES_AGGRESSIVE;
				CLANG_CXX_LANGUAGE_STANDARD = "gnu++14";
				CLANG_CXX_LIBRARY = "libc++";
				CLANG_ENABLE_MODULES = YES;
				CLANG_ENABLE_OBJC_ARC = YES;
				CLANG_ENABLE_OBJC_WEAK = YES;
				CLANG_WARN_BLOCK_CAPTURE_AUTORELEASING = YES;
				CLANG_WARN_BOOL_CONVERSION = YES;
				CLANG_WARN_COMMA = YES;
				CLANG_WARN_CONSTANT_CONVERSION = YES;
				CLANG_WARN_DEPRECATED_OBJC_IMPLEMENTATIONS = YES;
				CLANG_WARN_DIRECT_OBJC_ISA_USAGE = YES_ERROR;
				CLANG_WARN_DOCUMENTATION_COMMENTS = YES;
				CLANG_WARN_EMPTY_BODY = YES;
				CLANG_WARN_ENUM_CONVERSION = YES;
				CLANG_WARN_INFINITE_RECURSION = YES;
				CLANG_WARN_INT_CONVERSION = YES;
				CLANG_WARN_NON_LITERAL_NULL_CONVERSION = YES;
				CLANG_WARN_OBJC_IMPLICIT_RETAIN_SELF = YES;
				CLANG_WARN_OBJC_LITERAL_CONVERSION = YES;
				CLANG_WARN_OBJC_ROOT_CLASS = YES_ERROR;
				CLANG_WARN_QUOTED_INCLUDE_IN_FRAMEWORK_HEADER = YES;
				CLANG_WARN_RANGE_LOOP_ANALYSIS = YES;
				CLANG_WARN_STRICT_PROTOTYPES = YES;
				CLANG_WARN_SUSPICIOUS_MOVE = YES;
				CLANG_WARN_UNGUARDED_AVAILABILITY = YES_AGGRESSIVE;
				CLANG_WARN_UNREACHABLE_CODE = YES;
				CLANG_WARN__DUPLICATE_METHOD_MATCH = YES;
				CODE_SIGN_STYLE = Automatic;
				COPY_PHASE_STRIP = NO;
				DEBUG_INFORMATION_FORMAT = "dwarf-with-dsym";
				DEVELOPMENT_TEAM = 2ULWCJMDBJ;
				ENABLE_NS_ASSERTIONS = NO;
				ENABLE_STRICT_OBJC_MSGSEND = YES;
				GCC_C_LANGUAGE_STANDARD = gnu11;
				GCC_NO_COMMON_BLOCKS = YES;
				GCC_WARN_64_TO_32_BIT_CONVERSION = YES;
				GCC_WARN_ABOUT_RETURN_TYPE = YES_ERROR;
				GCC_WARN_UNDECLARED_SELECTOR = YES;
				GCC_WARN_UNINITIALIZED_AUTOS = YES_AGGRESSIVE;
				GCC_WARN_UNUSED_FUNCTION = YES;
				GCC_WARN_UNUSED_VARIABLE = YES;
				IPHONEOS_DEPLOYMENT_TARGET = 16.0;
				MTL_ENABLE_DEBUG_INFO = NO;
				MTL_FAST_MATH = YES;
				PRODUCT_NAME = "$(TARGET_NAME)";
				SDKROOT = iphoneos;
				SWIFT_COMPILATION_MODE = wholemodule;
				SWIFT_OPTIMIZATION_LEVEL = "-O";
				SWIFT_VERSION = 5.0;
			};
			name = Release;
		};
		DCA8A1AA12540AD7D1B1EF88 /* Debug */ = {
			isa = XCBuildConfiguration;
			buildSettings = {
				BUNDLE_LOADER = "$(TEST_HOST)";
				IPHONEOS_DEPLOYMENT_TARGET = 16.0;
				LD_RUNPATH_SEARCH_PATHS = (
					"$(inherited)",
					"@executable_path/Frameworks",
					"@loader_path/Frameworks",
				);
				PRODUCT_BUNDLE_IDENTIFIER = io.proximi.ProximiioWebViewDemoUITests;
				SDKROOT = iphoneos;
				TARGETED_DEVICE_FAMILY = "1,2";
				TEST_TARGET_NAME = ProximiioWebViewDemo;
			};
			name = Debug;
		};
/* End XCBuildConfiguration section */

/* Begin XCConfigurationList section */
		0F37C2E730E06B4D54DA8802 /* Build configuration list for PBXNativeTarget "ProximiioWebViewDemoTests" */ = {
			isa = XCConfigurationList;
			buildConfigurations = (
				5BF38A45083FEE5D21EF932C /* Debug */,
				7AE2075B60801931A50F361A /* Release */,
			);
			defaultConfigurationIsVisible = 0;
			defaultConfigurationName = Debug;
		};
		8E031759D864BC425FE5A460 /* Build configuration list for PBXNativeTarget "ProximiioWebViewDemo" */ = {
			isa = XCConfigurationList;
			buildConfigurations = (
				326A149B0BB21A13E58C70ED /* Debug */,
				691757867001D436A6077ED3 /* Release */,
			);
			defaultConfigurationIsVisible = 0;
			defaultConfigurationName = Debug;
		};
		A251DB805924AEC8B4BA240D /* Build configuration list for PBXProject "ProximiioWebViewDemo" */ = {
			isa = XCConfigurationList;
			buildConfigurations = (
				628FCADEE47CA09BE882F838 /* Debug */,
				AC0E48309A87A8FB4EEAED41 /* Release */,
			);
			defaultConfigurationIsVisible = 0;
			defaultConfigurationName = Debug;
		};
		C6DA30EB3D4423733E841BEC /* Build configuration list for PBXNativeTarget "ProximiioWebViewDemoUITests" */ = {
			isa = XCConfigurationList;
			buildConfigurations = (
				DCA8A1AA12540AD7D1B1EF88 /* Debug */,
				2A1B6D7122E2961FA08D3B2E /* Release */,
			);
			defaultConfigurationIsVisible = 0;
			defaultConfigurationName = Debug;
		};
/* End XCConfigurationList section */

/* Begin XCRemoteSwiftPackageReference section */
		57B50F2111822A9A70DE03BE /* XCRemoteSwiftPackageReference "proximiio-ios-sdk-v6" */ = {
			isa = XCRemoteSwiftPackageReference;
			repositoryURL = "https://github.com/proximiio/proximiio-ios-sdk-v6";
			requirement = {
				branch = master;
				kind = branch;
			};
		};
/* End XCRemoteSwiftPackageReference section */

/* Begin XCSwiftPackageProductDependency section */
		A2DB13BE793B3BD35CF3C66F /* Proximiio */ = {
			isa = XCSwiftPackageProductDependency;
			package = 57B50F2111822A9A70DE03BE /* XCRemoteSwiftPackageReference "proximiio-ios-sdk-v6" */;
			productName = Proximiio;
		};
/* End XCSwiftPackageProductDependency section */
	};
	rootObject = 80873026DC658B7481B1B274 /* Project object */;
}
