// !$*UTF8*$!
{
	archiveVersion = 1;
	classes = {
	};
	objectVersion = 77;
	objects = {

/* Begin PBXBuildFile section */
		E3997723BA7A4A1E922B134D /* Pods_ProximiioWebViewDemo.framework in Frameworks */ = {isa = PBXBuildFile; fileRef = 79B336DA41F0AD1E584875FB /* Pods_ProximiioWebViewDemo.framework */; };
/* End PBXBuildFile section */

/* Begin PBXContainerItemProxy section */
		61B71CC72E818F9300BF958A /* PBXContainerItemProxy */ = {
			isa = PBXContainerItemProxy;
			containerPortal = 61B71CAE2E818F9100BF958A /* Project object */;
			proxyType = 1;
			remoteGlobalIDString = 61B71CB52E818F9100BF958A;
			remoteInfo = ProximiioWebViewDemo;
		};
		61B71CD12E818F9300BF958A /* PBXContainerItemProxy */ = {
			isa = PBXContainerItemProxy;
			containerPortal = 61B71CAE2E818F9100BF958A /* Project object */;
			proxyType = 1;
			remoteGlobalIDString = 61B71CB52E818F9100BF958A;
			remoteInfo = ProximiioWebViewDemo;
		};
/* End PBXContainerItemProxy section */

/* Begin PBXFileReference section */
		616265B72E81939A00F3E5E0 /* Proximiio.xcframework */ = {isa = PBXFileReference; lastKnownFileType = wrapper.xcframework; name = Proximiio.xcframework; path = Pods/Proximiio/Pod/Proximiio.xcframework; sourceTree = "<group>"; };
		616265BB2E8193A100F3E5E0 /* CrystDBCipher.framework */ = {isa = PBXFileReference; explicitFileType = wrapper.framework; path = CrystDBCipher.framework; sourceTree = BUILT_PRODUCTS_DIR; };
		616265DC2E81946100F3E5E0 /* CrystDBCipher.framework */ = {isa = PBXFileReference; explicitFileType = wrapper.framework; path = CrystDBCipher.framework; sourceTree = BUILT_PRODUCTS_DIR; };
		6162661A2E81956900F3E5E0 /* CrystDBCipher.framework */ = {isa = PBXFileReference; explicitFileType = wrapper.framework; path = CrystDBCipher.framework; sourceTree = BUILT_PRODUCTS_DIR; };
		61B71CB62E818F9100BF958A /* ProximiioWebViewDemo.app */ = {isa = PBXFileReference; explicitFileType = wrapper.application; includeInIndex = 0; path = ProximiioWebViewDemo.app; sourceTree = BUILT_PRODUCTS_DIR; };
		61B71CC62E818F9300BF958A /* ProximiioWebViewDemoTests.xctest */ = {isa = PBXFileReference; explicitFileType = wrapper.cfbundle; includeInIndex = 0; path = ProximiioWebViewDemoTests.xctest; sourceTree = BUILT_PRODUCTS_DIR; };
		61B71CD02E818F9300BF958A /* ProximiioWebViewDemoUITests.xctest */ = {isa = PBXFileReference; explicitFileType = wrapper.cfbundle; includeInIndex = 0; path = ProximiioWebViewDemoUITests.xctest; sourceTree = BUILT_PRODUCTS_DIR; };
		61EC4AF22E819FCD009A8A26 /* CrystDBCipher.framework */ = {isa = PBXFileReference; explicitFileType = wrapper.framework; path = CrystDBCipher.framework; sourceTree = BUILT_PRODUCTS_DIR; };
		61EC4B612E81B33E009A8A26 /* CrystDBCipher.framework */ = {isa = PBXFileReference; explicitFileType = wrapper.framework; path = CrystDBCipher.framework; sourceTree = BUILT_PRODUCTS_DIR; };
		79B336DA41F0AD1E584875FB /* Pods_ProximiioWebViewDemo.framework */ = {isa = PBXFileReference; explicitFileType = wrapper.framework; includeInIndex = 0; path = Pods_ProximiioWebViewDemo.framework; sourceTree = BUILT_PRODUCTS_DIR; };
		8AB71E657523D131222AED4B /* Pods-ProximiioWebViewDemo.debug.xcconfig */ = {isa = PBXFileReference; includeInIndex = 1; lastKnownFileType = text.xcconfig; name = "Pods-ProximiioWebViewDemo.debug.xcconfig"; path = "Target Support Files/Pods-ProximiioWebViewDemo/Pods-ProximiioWebViewDemo.debug.xcconfig"; sourceTree = "<group>"; };
		B1AADB0BCFC9C4C6E30B9722 /* Pods-ProximiioWebViewDemo.release.xcconfig */ = {isa = PBXFileReference; includeInIndex = 1; lastKnownFileType = text.xcconfig; name = "Pods-ProximiioWebViewDemo.release.xcconfig"; path = "Target Support Files/Pods-ProximiioWebViewDemo/Pods-ProximiioWebViewDemo.release.xcconfig"; sourceTree = "<group>"; };
/* End PBXFileReference section */

/* Begin PBXFileSystemSynchronizedBuildFileExceptionSet section */
		61EC4B862E81C628009A8A26 /* Exceptions for "ProximiioWebViewDemo" folder in "ProximiioWebViewDemo" target */ = {
			isa = PBXFileSystemSynchronizedBuildFileExceptionSet;
			membershipExceptions = (
				Info.plist,
			);
			target = 61B71CB52E818F9100BF958A /* ProximiioWebViewDemo */;
		};
/* End PBXFileSystemSynchronizedBuildFileExceptionSet section */

/* Begin PBXFileSystemSynchronizedRootGroup section */
		61B71CB82E818F9100BF958A /* ProximiioWebViewDemo */ = {
			isa = PBXFileSystemSynchronizedRootGroup;
			exceptions = (
				61EC4B862E81C628009A8A26 /* Exceptions for "ProximiioWebViewDemo" folder in "ProximiioWebViewDemo" target */,
			);
			path = ProximiioWebViewDemo;
			sourceTree = "<group>";
		};
		61B71CC92E818F9300BF958A /* ProximiioWebViewDemoTests */ = {
			isa = PBXFileSystemSynchronizedRootGroup;
			path = ProximiioWebViewDemoTests;
			sourceTree = "<group>";
		};
		61B71CD32E818F9300BF958A /* ProximiioWebViewDemoUITests */ = {
			isa = PBXFileSystemSynchronizedRootGroup;
			path = ProximiioWebViewDemoUITests;
			sourceTree = "<group>";
		};
/* End PBXFileSystemSynchronizedRootGroup section */

/* Begin PBXFrameworksBuildPhase section */
		61B71CB32E818F9100BF958A /* Frameworks */ = {
			isa = PBXFrameworksBuildPhase;
			buildActionMask = 2147483647;
			files = (
				E3997723BA7A4A1E922B134D /* Pods_ProximiioWebViewDemo.framework in Frameworks */,
			);
			runOnlyForDeploymentPostprocessing = 0;
		};
		61B71CC32E818F9300BF958A /* Frameworks */ = {
			isa = PBXFrameworksBuildPhase;
			buildActionMask = 2147483647;
			files = (
			);
			runOnlyForDeploymentPostprocessing = 0;
		};
		61B71CCD2E818F9300BF958A /* Frameworks */ = {
			isa = PBXFrameworksBuildPhase;
			buildActionMask = 2147483647;
			files = (
			);
			runOnlyForDeploymentPostprocessing = 0;
		};
/* End PBXFrameworksBuildPhase section */

/* Begin PBXGroup section */
		59161683A38A5F36A4796402 /* Frameworks */ = {
			isa = PBXGroup;
			children = (
				61EC4B612E81B33E009A8A26 /* CrystDBCipher.framework */,
				61EC4AF22E819FCD009A8A26 /* CrystDBCipher.framework */,
				6162661A2E81956900F3E5E0 /* CrystDBCipher.framework */,
				616265DC2E81946100F3E5E0 /* CrystDBCipher.framework */,
				616265BB2E8193A100F3E5E0 /* CrystDBCipher.framework */,
				616265B72E81939A00F3E5E0 /* Proximiio.xcframework */,
				79B336DA41F0AD1E584875FB /* Pods_ProximiioWebViewDemo.framework */,
			);
			name = Frameworks;
			sourceTree = "<group>";
		};
		61B71CAD2E818F9100BF958A = {
			isa = PBXGroup;
			children = (
				61B71CB82E818F9100BF958A /* ProximiioWebViewDemo */,
				61B71CC92E818F9300BF958A /* ProximiioWebViewDemoTests */,
				61B71CD32E818F9300BF958A /* ProximiioWebViewDemoUITests */,
				61B71CB72E818F9100BF958A /* Products */,
				9AE468B57DD76427A26A23B3 /* Pods */,
				59161683A38A5F36A4796402 /* Frameworks */,
			);
			sourceTree = "<group>";
		};
		61B71CB72E818F9100BF958A /* Products */ = {
			isa = PBXGroup;
			children = (
				61B71CB62E818F9100BF958A /* ProximiioWebViewDemo.app */,
				61B71CC62E818F9300BF958A /* ProximiioWebViewDemoTests.xctest */,
				61B71CD02E818F9300BF958A /* ProximiioWebViewDemoUITests.xctest */,
			);
			name = Products;
			sourceTree = "<group>";
		};
		9AE468B57DD76427A26A23B3 /* Pods */ = {
			isa = PBXGroup;
			children = (
				8AB71E657523D131222AED4B /* Pods-ProximiioWebViewDemo.debug.xcconfig */,
				B1AADB0BCFC9C4C6E30B9722 /* Pods-ProximiioWebViewDemo.release.xcconfig */,
			);
			path = Pods;
			sourceTree = "<group>";
		};
/* End PBXGroup section */

/* Begin PBXNativeTarget section */
		61B71CB52E818F9100BF958A /* ProximiioWebViewDemo */ = {
			isa = PBXNativeTarget;
			buildConfigurationList = 61B71CDA2E818F9300BF958A /* Build configuration list for PBXNativeTarget "ProximiioWebViewDemo" */;
			buildPhases = (
				BBA85C3231547DA02847DB99 /* [CP] Check Pods Manifest.lock */,
				61B71CB22E818F9100BF958A /* Sources */,
				61B71CB32E818F9100BF958A /* Frameworks */,
				61B71CB42E818F9100BF958A /* Resources */,
				675CC8B52D7008F8DEA59D3B /* [CP] Embed Pods Frameworks */,
			);
			buildRules = (
			);
			dependencies = (
			);
			fileSystemSynchronizedGroups = (
				61B71CB82E818F9100BF958A /* ProximiioWebViewDemo */,
			);
			name = ProximiioWebViewDemo;
			productName = ProximiioWebViewDemo;
			productReference = 61B71CB62E818F9100BF958A /* ProximiioWebViewDemo.app */;
			productType = "com.apple.product-type.application";
		};
		61B71CC52E818F9300BF958A /* ProximiioWebViewDemoTests */ = {
			isa = PBXNativeTarget;
			buildConfigurationList = 61B71CDD2E818F9300BF958A /* Build configuration list for PBXNativeTarget "ProximiioWebViewDemoTests" */;
			buildPhases = (
				61B71CC22E818F9300BF958A /* Sources */,
				61B71CC32E818F9300BF958A /* Frameworks */,
				61B71CC42E818F9300BF958A /* Resources */,
			);
			buildRules = (
			);
			dependencies = (
				61B71CC82E818F9300BF958A /* PBXTargetDependency */,
			);
			fileSystemSynchronizedGroups = (
				61B71CC92E818F9300BF958A /* ProximiioWebViewDemoTests */,
			);
			name = ProximiioWebViewDemoTests;
			productName = ProximiioWebViewDemoTests;
			productReference = 61B71CC62E818F9300BF958A /* ProximiioWebViewDemoTests.xctest */;
			productType = "com.apple.product-type.bundle.unit-test";
		};
		61B71CCF2E818F9300BF958A /* ProximiioWebViewDemoUITests */ = {
			isa = PBXNativeTarget;
			buildConfigurationList = 61B71CE02E818F9300BF958A /* Build configuration list for PBXNativeTarget "ProximiioWebViewDemoUITests" */;
			buildPhases = (
				61B71CCC2E818F9300BF958A /* Sources */,
				61B71CCD2E818F9300BF958A /* Frameworks */,
				61B71CCE2E818F9300BF958A /* Resources */,
			);
			buildRules = (
			);
			dependencies = (
				61B71CD22E818F9300BF958A /* PBXTargetDependency */,
			);
			fileSystemSynchronizedGroups = (
				61B71CD32E818F9300BF958A /* ProximiioWebViewDemoUITests */,
			);
			name = ProximiioWebViewDemoUITests;
			productName = ProximiioWebViewDemoUITests;
			productReference = 61B71CD02E818F9300BF958A /* ProximiioWebViewDemoUITests.xctest */;
			productType = "com.apple.product-type.bundle.ui-testing";
		};
/* End PBXNativeTarget section */

/* Begin PBXProject section */
		61B71CAE2E818F9100BF958A /* Project object */ = {
			isa = PBXProject;
			attributes = {
				BuildIndependentTargetsInParallel = 1;
				LastSwiftUpdateCheck = 1600;
				LastUpgradeCheck = 1600;
				TargetAttributes = {
					61B71CB52E818F9100BF958A = {
						CreatedOnToolsVersion = 16.0;
					};
					61B71CC52E818F9300BF958A = {
						CreatedOnToolsVersion = 16.0;
						TestTargetID = 61B71CB52E818F9100BF958A;
					};
					61B71CCF2E818F9300BF958A = {
						CreatedOnToolsVersion = 16.0;
						TestTargetID = 61B71CB52E818F9100BF958A;
					};
				};
			};
			buildConfigurationList = 61B71CB12E818F9100BF958A /* Build configuration list for PBXProject "ProximiioWebViewDemo" */;
			developmentRegion = en;
			hasScannedForEncodings = 0;
			knownRegions = (
				en,
				Base,
			);
			mainGroup = 61B71CAD2E818F9100BF958A;
			minimizedProjectReferenceProxies = 1;
			preferredProjectObjectVersion = 77;
			productRefGroup = 61B71CB72E818F9100BF958A /* Products */;
			projectDirPath = "";
			projectRoot = "";
			targets = (
				61B71CB52E818F9100BF958A /* ProximiioWebViewDemo */,
				61B71CC52E818F9300BF958A /* ProximiioWebViewDemoTests */,
				61B71CCF2E818F9300BF958A /* ProximiioWebViewDemoUITests */,
			);
		};
/* End PBXProject section */

/* Begin PBXResourcesBuildPhase section */
		61B71CB42E818F9100BF958A /* Resources */ = {
			isa = PBXResourcesBuildPhase;
			buildActionMask = 2147483647;
			files = (
			);
			runOnlyForDeploymentPostprocessing = 0;
		};
		61B71CC42E818F9300BF958A /* Resources */ = {
			isa = PBXResourcesBuildPhase;
			buildActionMask = 2147483647;
			files = (
			);
			runOnlyForDeploymentPostprocessing = 0;
		};
		61B71CCE2E818F9300BF958A /* Resources */ = {
			isa = PBXResourcesBuildPhase;
			buildActionMask = 2147483647;
			files = (
			);
			runOnlyForDeploymentPostprocessing = 0;
		};
/* End PBXResourcesBuildPhase section */

/* Begin PBXShellScriptBuildPhase section */
		675CC8B52D7008F8DEA59D3B /* [CP] Embed Pods Frameworks */ = {
			isa = PBXShellScriptBuildPhase;
			buildActionMask = 2147483647;
			files = (
			);
			inputFileListPaths = (
				"${PODS_ROOT}/Target Support Files/Pods-ProximiioWebViewDemo/Pods-ProximiioWebViewDemo-frameworks-${CONFIGURATION}-input-files.xcfilelist",
			);
			name = "[CP] Embed Pods Frameworks";
			outputFileListPaths = (
				"${PODS_ROOT}/Target Support Files/Pods-ProximiioWebViewDemo/Pods-ProximiioWebViewDemo-frameworks-${CONFIGURATION}-output-files.xcfilelist",
			);
			runOnlyForDeploymentPostprocessing = 0;
			shellPath = /bin/sh;
			shellScript = "\"${PODS_ROOT}/Target Support Files/Pods-ProximiioWebViewDemo/Pods-ProximiioWebViewDemo-frameworks.sh\"\n";
			showEnvVarsInLog = 0;
		};
		BBA85C3231547DA02847DB99 /* [CP] Check Pods Manifest.lock */ = {
			isa = PBXShellScriptBuildPhase;
			buildActionMask = 2147483647;
			files = (
			);
			inputFileListPaths = (
			);
			inputPaths = (
				"${PODS_PODFILE_DIR_PATH}/Podfile.lock",
				"${PODS_ROOT}/Manifest.lock",
			);
			name = "[CP] Check Pods Manifest.lock";
			outputFileListPaths = (
			);
			outputPaths = (
				"$(DERIVED_FILE_DIR)/Pods-ProximiioWebViewDemo-checkManifestLockResult.txt",
			);
			runOnlyForDeploymentPostprocessing = 0;
			shellPath = /bin/sh;
			shellScript = "diff \"${PODS_PODFILE_DIR_PATH}/Podfile.lock\" \"${PODS_ROOT}/Manifest.lock\" > /dev/null\nif [ $? != 0 ] ; then\n    # print error to STDERR\n    echo \"error: The sandbox is not in sync with the Podfile.lock. Run 'pod install' or update your CocoaPods installation.\" >&2\n    exit 1\nfi\n# This output is used by Xcode 'outputs' to avoid re-running this script phase.\necho \"SUCCESS\" > \"${SCRIPT_OUTPUT_FILE_0}\"\n";
			showEnvVarsInLog = 0;
		};
/* End PBXShellScriptBuildPhase section */

/* Begin PBXSourcesBuildPhase section */
		61B71CB22E818F9100BF958A /* Sources */ = {
			isa = PBXSourcesBuildPhase;
			buildActionMask = 2147483647;
			files = (
			);
			runOnlyForDeploymentPostprocessing = 0;
		};
		61B71CC22E818F9300BF958A /* Sources */ = {
			isa = PBXSourcesBuildPhase;
			buildActionMask = 2147483647;
			files = (
			);
			runOnlyForDeploymentPostprocessing = 0;
		};
		61B71CCC2E818F9300BF958A /* Sources */ = {
			isa = PBXSourcesBuildPhase;
			buildActionMask = 2147483647;
			files = (
			);
			runOnlyForDeploymentPostprocessing = 0;
		};
/* End PBXSourcesBuildPhase section */

/* Begin PBXTargetDependency section */
		61B71CC82E818F9300BF958A /* PBXTargetDependency */ = {
			isa = PBXTargetDependency;
			target = 61B71CB52E818F9100BF958A /* ProximiioWebViewDemo */;
			targetProxy = 61B71CC72E818F9300BF958A /* PBXContainerItemProxy */;
		};
		61B71CD22E818F9300BF958A /* PBXTargetDependency */ = {
			isa = PBXTargetDependency;
			target = 61B71CB52E818F9100BF958A /* ProximiioWebViewDemo */;
			targetProxy = 61B71CD12E818F9300BF958A /* PBXContainerItemProxy */;
		};
/* End PBXTargetDependency section */

/* Begin XCBuildConfiguration section */
		61B71CD82E818F9300BF958A /* Debug */ = {
			isa = XCBuildConfiguration;
			buildSettings = {
				ALWAYS_SEARCH_USER_PATHS = NO;
				ASSETCATALOG_COMPILER_GENERATE_SWIFT_ASSET_SYMBOL_EXTENSIONS = YES;
				CLANG_ANALYZER_NONNULL = YES;
				CLANG_ANALYZER_NUMBER_OBJECT_CONVERSION = YES_AGGRESSIVE;
				CLANG_CXX_LANGUAGE_STANDARD = "gnu++20";
				CLANG_ENABLE_MODULES = YES;
				CLANG_ENABLE_OBJC_ARC = YES;
				CLANG_ENABLE_OBJC_WEAK = YES;
				CLANG_WARN_BLOCK_CAPTURE_AUTORELEASING = YES;
				CLANG_WARN_BOOL_CONVERSION = YES;
				CLANG_WARN_COMMA = YES;
				CLANG_WARN_CONSTANT_CONVERSION = YES;
				CLANG_WARN_DEPRECATED_OBJC_IMPLEMENTATIONS = YES;
				CLANG_WARN_DIRECT_OBJC_ISA_USAGE = YES_ERROR;
				CLANG_WARN_DOCUMENTATION_COMMENTS = YES;
				CLANG_WARN_EMPTY_BODY = YES;
				CLANG_WARN_ENUM_CONVERSION = YES;
				CLANG_WARN_INFINITE_RECURSION = YES;
				CLANG_WARN_INT_CONVERSION = YES;
				CLANG_WARN_NON_LITERAL_NULL_CONVERSION = YES;
				CLANG_WARN_OBJC_IMPLICIT_RETAIN_SELF = YES;
				CLANG_WARN_OBJC_LITERAL_CONVERSION = YES;
				CLANG_WARN_OBJC_ROOT_CLASS = YES_ERROR;
				CLANG_WARN_QUOTED_INCLUDE_IN_FRAMEWORK_HEADER = YES;
				CLANG_WARN_RANGE_LOOP_ANALYSIS = YES;
				CLANG_WARN_STRICT_PROTOTYPES = YES;
				CLANG_WARN_SUSPICIOUS_MOVE = YES;
				CLANG_WARN_UNGUARDED_AVAILABILITY = YES_AGGRESSIVE;
				CLANG_WARN_UNREACHABLE_CODE = YES;
				CLANG_WARN__DUPLICATE_METHOD_MATCH = YES;
				COPY_PHASE_STRIP = NO;
				DEBUG_INFORMATION_FORMAT = dwarf;
				ENABLE_STRICT_OBJC_MSGSEND = YES;
				ENABLE_TESTABILITY = YES;
				ENABLE_USER_SCRIPT_SANDBOXING = YES;
				GCC_C_LANGUAGE_STANDARD = gnu17;
				GCC_DYNAMIC_NO_PIC = NO;
				GCC_NO_COMMON_BLOCKS = YES;
				GCC_OPTIMIZATION_LEVEL = 0;
				GCC_PREPROCESSOR_DEFINITIONS = (
					"DEBUG=1",
					"$(inherited)",
				);
				GCC_WARN_64_TO_32_BIT_CONVERSION = YES;
				GCC_WARN_ABOUT_RETURN_TYPE = YES_ERROR;
				GCC_WARN_UNDECLARED_SELECTOR = YES;
				GCC_WARN_UNINITIALIZED_AUTOS = YES_AGGRESSIVE;
				GCC_WARN_UNUSED_FUNCTION = YES;
				GCC_WARN_UNUSED_VARIABLE = YES;
				IPHONEOS_DEPLOYMENT_TARGET = 18.0;
				LOCALIZATION_PREFERS_STRING_CATALOGS = YES;
				MTL_ENABLE_DEBUG_INFO = INCLUDE_SOURCE;
				MTL_FAST_MATH = YES;
				ONLY_ACTIVE_ARCH = YES;
				SDKROOT = iphoneos;
				SWIFT_ACTIVE_COMPILATION_CONDITIONS = "DEBUG $(inherited)";
				SWIFT_OPTIMIZATION_LEVEL = "-Onone";
			};
			name = Debug;
		};
		61B71CD92E818F9300BF958A /* Release */ = {
			isa = XCBuildConfiguration;
			buildSettings = {
				ALWAYS_SEARCH_USER_PATHS = NO;
				ASSETCATALOG_COMPILER_GENERATE_SWIFT_ASSET_SYMBOL_EXTENSIONS = YES;
				CLANG_ANALYZER_NONNULL = YES;
				CLANG_ANALYZER_NUMBER_OBJECT_CONVERSION = YES_AGGRESSIVE;
				CLANG_CXX_LANGUAGE_STANDARD = "gnu++20";
				CLANG_ENABLE_MODULES = YES;
				CLANG_ENABLE_OBJC_ARC = YES;
				CLANG_ENABLE_OBJC_WEAK = YES;
				CLANG_WARN_BLOCK_CAPTURE_AUTORELEASING = YES;
				CLANG_WARN_BOOL_CONVERSION = YES;
				CLANG_WARN_COMMA = YES;
				CLANG_WARN_CONSTANT_CONVERSION = YES;
				CLANG_WARN_DEPRECATED_OBJC_IMPLEMENTATIONS = YES;
				CLANG_WARN_DIRECT_OBJC_ISA_USAGE = YES_ERROR;
				CLANG_WARN_DOCUMENTATION_COMMENTS = YES;
				CLANG_WARN_EMPTY_BODY = YES;
				CLANG_WARN_ENUM_CONVERSION = YES;
				CLANG_WARN_INFINITE_RECURSION = YES;
				CLANG_WARN_INT_CONVERSION = YES;
				CLANG_WARN_NON_LITERAL_NULL_CONVERSION = YES;
				CLANG_WARN_OBJC_IMPLICIT_RETAIN_SELF = YES;
				CLANG_WARN_OBJC_LITERAL_CONVERSION = YES;
				CLANG_WARN_OBJC_ROOT_CLASS = YES_ERROR;
				CLANG_WARN_QUOTED_INCLUDE_IN_FRAMEWORK_HEADER = YES;
				CLANG_WARN_RANGE_LOOP_ANALYSIS = YES;
				CLANG_WARN_STRICT_PROTOTYPES = YES;
				CLANG_WARN_SUSPICIOUS_MOVE = YES;
				CLANG_WARN_UNGUARDED_AVAILABILITY = YES_AGGRESSIVE;
				CLANG_WARN_UNREACHABLE_CODE = YES;
				CLANG_WARN__DUPLICATE_METHOD_MATCH = YES;
				COPY_PHASE_STRIP = NO;
				DEBUG_INFORMATION_FORMAT = "dwarf-with-dsym";
				ENABLE_NS_ASSERTIONS = NO;
				ENABLE_STRICT_OBJC_MSGSEND = YES;
				ENABLE_USER_SCRIPT_SANDBOXING = YES;
				GCC_C_LANGUAGE_STANDARD = gnu17;
				GCC_NO_COMMON_BLOCKS = YES;
				GCC_WARN_64_TO_32_BIT_CONVERSION = YES;
				GCC_WARN_ABOUT_RETURN_TYPE = YES_ERROR;
				GCC_WARN_UNDECLARED_SELECTOR = YES;
				GCC_WARN_UNINITIALIZED_AUTOS = YES_AGGRESSIVE;
				GCC_WARN_UNUSED_FUNCTION = YES;
				GCC_WARN_UNUSED_VARIABLE = YES;
				IPHONEOS_DEPLOYMENT_TARGET = 18.0;
				LOCALIZATION_PREFERS_STRING_CATALOGS = YES;
				MTL_ENABLE_DEBUG_INFO = NO;
				MTL_FAST_MATH = YES;
				SDKROOT = iphoneos;
				SWIFT_COMPILATION_MODE = wholemodule;
				VALIDATE_PRODUCT = YES;
			};
			name = Release;
		};
		61B71CDB2E818F9300BF958A /* Debug */ = {
			isa = XCBuildConfiguration;
			baseConfigurationReference = 8AB71E657523D131222AED4B /* Pods-ProximiioWebViewDemo.debug.xcconfig */;
			buildSettings = {
				ASSETCATALOG_COMPILER_APPICON_NAME = AppIcon;
				ASSETCATALOG_COMPILER_GLOBAL_ACCENT_COLOR_NAME = AccentColor;
				CODE_SIGN_STYLE = Automatic;
				CURRENT_PROJECT_VERSION = 1;
				DEVELOPMENT_ASSET_PATHS = "\"ProximiioWebViewDemo/Preview Content\"";
				DEVELOPMENT_TEAM = 2ULWCJMDBJ;
				ENABLE_PREVIEWS = YES;
				ENABLE_USER_SCRIPT_SANDBOXING = NO;
				GENERATE_INFOPLIST_FILE = YES;
				INFOPLIST_FILE = ProximiioWebViewDemo/Info.plist;
				INFOPLIST_KEY_LSApplicationCategoryType = "";
				INFOPLIST_KEY_NSBluetoothAlwaysUsageDescription = "bluetooth always usage description";
				INFOPLIST_KEY_NSLocationAlwaysAndWhenInUseUsageDescription = Test;
				INFOPLIST_KEY_NSLocationAlwaysUsageDescription = "Test 2";
				INFOPLIST_KEY_NSLocationUsageDescription = "Test 3";
				INFOPLIST_KEY_NSLocationWhenInUseUsageDescription = "Test 4";
				INFOPLIST_KEY_UIApplicationSceneManifest_Generation = YES;
				INFOPLIST_KEY_UIApplicationSupportsIndirectInputEvents = YES;
				INFOPLIST_KEY_UILaunchScreen_Generation = YES;
				INFOPLIST_KEY_UISupportedInterfaceOrientations_iPad = "UIInterfaceOrientationPortrait UIInterfaceOrientationPortraitUpsideDown UIInterfaceOrientationLandscapeLeft UIInterfaceOrientationLandscapeRight";
				INFOPLIST_KEY_UISupportedInterfaceOrientations_iPhone = "UIInterfaceOrientationPortrait UIInterfaceOrientationLandscapeLeft UIInterfaceOrientationLandscapeRight";
				IPHONEOS_DEPLOYMENT_TARGET = 15.6;
				LD_RUNPATH_SEARCH_PATHS = (
					"$(inherited)",
					"@executable_path/Frameworks",
				);
				MARKETING_VERSION = 1.0;
				PRODUCT_BUNDLE_IDENTIFIER = io.proximi.ProximiioWebViewDemo;
				PRODUCT_NAME = "$(TARGET_NAME)";
				SWIFT_EMIT_LOC_STRINGS = YES;
				SWIFT_VERSION = 5.0;
				TARGETED_DEVICE_FAMILY = "1,2";
			};
			name = Debug;
		};
		61B71CDC2E818F9300BF958A /* Release */ = {
			isa = XCBuildConfiguration;
			baseConfigurationReference = B1AADB0BCFC9C4C6E30B9722 /* Pods-ProximiioWebViewDemo.release.xcconfig */;
			buildSettings = {
				ASSETCATALOG_COMPILER_APPICON_NAME = AppIcon;
				ASSETCATALOG_COMPILER_GLOBAL_ACCENT_COLOR_NAME = AccentColor;
				CODE_SIGN_STYLE = Automatic;
				CURRENT_PROJECT_VERSION = 1;
				DEVELOPMENT_ASSET_PATHS = "\"ProximiioWebViewDemo/Preview Content\"";
				DEVELOPMENT_TEAM = 2ULWCJMDBJ;
				ENABLE_PREVIEWS = YES;
				ENABLE_USER_SCRIPT_SANDBOXING = NO;
				GENERATE_INFOPLIST_FILE = YES;
				INFOPLIST_FILE = ProximiioWebViewDemo/Info.plist;
				INFOPLIST_KEY_LSApplicationCategoryType = "";
				INFOPLIST_KEY_NSBluetoothAlwaysUsageDescription = "bluetooth always usage description";
				INFOPLIST_KEY_NSLocationAlwaysAndWhenInUseUsageDescription = Test;
				INFOPLIST_KEY_NSLocationAlwaysUsageDescription = "Test 2";
				INFOPLIST_KEY_NSLocationUsageDescription = "Test 3";
				INFOPLIST_KEY_NSLocationWhenInUseUsageDescription = "Test 4";
				INFOPLIST_KEY_UIApplicationSceneManifest_Generation = YES;
				INFOPLIST_KEY_UIApplicationSupportsIndirectInputEvents = YES;
				INFOPLIST_KEY_UILaunchScreen_Generation = YES;
				INFOPLIST_KEY_UISupportedInterfaceOrientations_iPad = "UIInterfaceOrientationPortrait UIInterfaceOrientationPortraitUpsideDown UIInterfaceOrientationLandscapeLeft UIInterfaceOrientationLandscapeRight";
				INFOPLIST_KEY_UISupportedInterfaceOrientations_iPhone = "UIInterfaceOrientationPortrait UIInterfaceOrientationLandscapeLeft UIInterfaceOrientationLandscapeRight";
				IPHONEOS_DEPLOYMENT_TARGET = 15.6;
				LD_RUNPATH_SEARCH_PATHS = (
					"$(inherited)",
					"@executable_path/Frameworks",
				);
				MARKETING_VERSION = 1.0;
				PRODUCT_BUNDLE_IDENTIFIER = io.proximi.ProximiioWebViewDemo;
				PRODUCT_NAME = "$(TARGET_NAME)";
				SWIFT_EMIT_LOC_STRINGS = YES;
				SWIFT_VERSION = 5.0;
				TARGETED_DEVICE_FAMILY = "1,2";
			};
			name = Release;
		};
		61B71CDE2E818F9300BF958A /* Debug */ = {
			isa = XCBuildConfiguration;
			buildSettings = {
				BUNDLE_LOADER = "$(TEST_HOST)";
				CODE_SIGN_STYLE = Automatic;
				CURRENT_PROJECT_VERSION = 1;
				DEVELOPMENT_TEAM = 2ULWCJMDBJ;
				GENERATE_INFOPLIST_FILE = YES;
				IPHONEOS_DEPLOYMENT_TARGET = 18.0;
				MARKETING_VERSION = 1.0;
				PRODUCT_BUNDLE_IDENTIFIER = io.proximi.ProximiioWebViewDemoTests;
				PRODUCT_NAME = "$(TARGET_NAME)";
				SWIFT_EMIT_LOC_STRINGS = NO;
				SWIFT_VERSION = 5.0;
				TARGETED_DEVICE_FAMILY = "1,2";
				TEST_HOST = "$(BUILT_PRODUCTS_DIR)/ProximiioWebViewDemo.app/$(BUNDLE_EXECUTABLE_FOLDER_PATH)/ProximiioWebViewDemo";
			};
			name = Debug;
		};
		61B71CDF2E818F9300BF958A /* Release */ = {
			isa = XCBuildConfiguration;
			buildSettings = {
				BUNDLE_LOADER = "$(TEST_HOST)";
				CODE_SIGN_STYLE = Automatic;
				CURRENT_PROJECT_VERSION = 1;
				DEVELOPMENT_TEAM = 2ULWCJMDBJ;
				GENERATE_INFOPLIST_FILE = YES;
				IPHONEOS_DEPLOYMENT_TARGET = 18.0;
				MARKETING_VERSION = 1.0;
				PRODUCT_BUNDLE_IDENTIFIER = io.proximi.ProximiioWebViewDemoTests;
				PRODUCT_NAME = "$(TARGET_NAME)";
				SWIFT_EMIT_LOC_STRINGS = NO;
				SWIFT_VERSION = 5.0;
				TARGETED_DEVICE_FAMILY = "1,2";
				TEST_HOST = "$(BUILT_PRODUCTS_DIR)/ProximiioWebViewDemo.app/$(BUNDLE_EXECUTABLE_FOLDER_PATH)/ProximiioWebViewDemo";
			};
			name = Release;
		};
		61B71CE12E818F9300BF958A /* Debug */ = {
			isa = XCBuildConfiguration;
			buildSettings = {
				CODE_SIGN_STYLE = Automatic;
				CURRENT_PROJECT_VERSION = 1;
				DEVELOPMENT_TEAM = 2ULWCJMDBJ;
				GENERATE_INFOPLIST_FILE = YES;
				MARKETING_VERSION = 1.0;
				PRODUCT_BUNDLE_IDENTIFIER = io.proximi.ProximiioWebViewDemoUITests;
				PRODUCT_NAME = "$(TARGET_NAME)";
				SWIFT_EMIT_LOC_STRINGS = NO;
				SWIFT_VERSION = 5.0;
				TARGETED_DEVICE_FAMILY = "1,2";
				TEST_TARGET_NAME = ProximiioWebViewDemo;
			};
			name = Debug;
		};
		61B71CE22E818F9300BF958A /* Release */ = {
			isa = XCBuildConfiguration;
			buildSettings = {
				CODE_SIGN_STYLE = Automatic;
				CURRENT_PROJECT_VERSION = 1;
				DEVELOPMENT_TEAM = 2ULWCJMDBJ;
				GENERATE_INFOPLIST_FILE = YES;
				MARKETING_VERSION = 1.0;
				PRODUCT_BUNDLE_IDENTIFIER = io.proximi.ProximiioWebViewDemoUITests;
				PRODUCT_NAME = "$(TARGET_NAME)";
				SWIFT_EMIT_LOC_STRINGS = NO;
				SWIFT_VERSION = 5.0;
				TARGETED_DEVICE_FAMILY = "1,2";
				TEST_TARGET_NAME = ProximiioWebViewDemo;
			};
			name = Release;
		};
/* End XCBuildConfiguration section */

/* Begin XCConfigurationList section */
		61B71CB12E818F9100BF958A /* Build configuration list for PBXProject "ProximiioWebViewDemo" */ = {
			isa = XCConfigurationList;
			buildConfigurations = (
				61B71CD82E818F9300BF958A /* Debug */,
				61B71CD92E818F9300BF958A /* Release */,
			);
			defaultConfigurationIsVisible = 0;
			defaultConfigurationName = Release;
		};
		61B71CDA2E818F9300BF958A /* Build configuration list for PBXNativeTarget "ProximiioWebViewDemo" */ = {
			isa = XCConfigurationList;
			buildConfigurations = (
				61B71CDB2E818F9300BF958A /* Debug */,
				61B71CDC2E818F9300BF958A /* Release */,
			);
			defaultConfigurationIsVisible = 0;
			defaultConfigurationName = Release;
		};
		61B71CDD2E818F9300BF958A /* Build configuration list for PBXNativeTarget "ProximiioWebViewDemoTests" */ = {
			isa = XCConfigurationList;
			buildConfigurations = (
				61B71CDE2E818F9300BF958A /* Debug */,
				61B71CDF2E818F9300BF958A /* Release */,
			);
			defaultConfigurationIsVisible = 0;
			defaultConfigurationName = Release;
		};
		61B71CE02E818F9300BF958A /* Build configuration list for PBXNativeTarget "ProximiioWebViewDemoUITests" */ = {
			isa = XCConfigurationList;
			buildConfigurations = (
				61B71CE12E818F9300BF958A /* Debug */,
				61B71CE22E818F9300BF958A /* Release */,
			);
			defaultConfigurationIsVisible = 0;
			defaultConfigurationName = Release;
		};
/* End XCConfigurationList section */
	};
	rootObject = 61B71CAE2E818F9100BF958A /* Project object */;
}
